
Microsoft Visual Studio Solution File, Format Version 12.00
# Visual Studio Version 16
VisualStudioVersion = 16.0.810.23
MinimumVisualStudioVersion = 10.0.40219.1
Project("{FAE04EC0-301F-11D3-BF4B-00C04F79EFBC}") = "examensiuuuuu", "examensiuuuuu\examensiuuuuu.csproj", "{4CBBEC74-84A8-4554-BCF6-4D7E9AB5F22C}"
EndProject
Global
	GlobalSection(SolutionConfigurationPlatforms) = preSolution
		Debug|anycpu = Debug|anycpu
		Release|anycpu = Release|anycpu
	EndGlobalSection
	GlobalSection(ProjectConfigurationPlatforms) = postSolution
		{4CBBEC74-84A8-4554-BCF6-4D7E9AB5F22C}.Debug|anycpu.ActiveCfg = Debug|anycpu
		{4CBBEC74-84A8-4554-BCF6-4D7E9AB5F22C}.Debug|anycpu.Build.0 = Debug|anycpu
		{4CBBEC74-84A8-4554-BCF6-4D7E9AB5F22C}.Release|anycpu.ActiveCfg = Release|anycpu
		{4CBBEC74-84A8-4554-BCF6-4D7E9AB5F22C}.Release|anycpu.Build.0 = Release|anycpu
	EndGlobalSection
	GlobalSection(SolutionProperties) = preSolution
		HideSolutionNode = FALSE
	EndGlobalSection
	GlobalSection(ExtensibilityGlobals) = postSolution
		SolutionGuid = {6A078B6F-D8DF-4790-89A9-AA455A05EA28}
	EndGlobalSection
EndGlobal
