
Microsoft Visual Studio Solution File, Format Version 12.00
# Visual Studio Version 16
VisualStudioVersion = 16.0.810.23
MinimumVisualStudioVersion = 10.0.40219.1
Project("{FAE04EC0-301F-11D3-BF4B-00C04F79EFBC}") = "aazyg", "aazyg\aazyg.csproj", "{AB34C59D-48B5-4A0F-8626-F742DB910726}"
EndProject
Global
	GlobalSection(SolutionConfigurationPlatforms) = preSolution
		Debug|iPhoneSimulator = Debug|iPhoneSimulator
		Release|iPhoneSimulator = Release|iPhoneSimulator
		Debug|iPhone = Debug|iPhone
		Release|iPhone = Release|iPhone
	EndGlobalSection
	GlobalSection(ProjectConfigurationPlatforms) = postSolution
		{AB34C59D-48B5-4A0F-8626-F742DB910726}.Debug|iPhoneSimulator.ActiveCfg = Debug|iPhoneSimulator
		{AB34C59D-48B5-4A0F-8626-F742DB910726}.Debug|iPhoneSimulator.Build.0 = Debug|iPhoneSimulator
		{AB34C59D-48B5-4A0F-8626-F742DB910726}.Release|iPhoneSimulator.ActiveCfg = Release|iPhoneSimulator
		{AB34C59D-48B5-4A0F-8626-F742DB910726}.Release|iPhoneSimulator.Build.0 = Release|iPhoneSimulator
		{AB34C59D-48B5-4A0F-8626-F742DB910726}.Debug|iPhone.ActiveCfg = Debug|iPhone
		{AB34C59D-48B5-4A0F-8626-F742DB910726}.Debug|iPhone.Build.0 = Debug|iPhone
		{AB34C59D-48B5-4A0F-8626-F742DB910726}.Release|iPhone.ActiveCfg = Release|iPhone
		{AB34C59D-48B5-4A0F-8626-F742DB910726}.Release|iPhone.Build.0 = Release|iPhone
	EndGlobalSection
	GlobalSection(SolutionProperties) = preSolution
		HideSolutionNode = FALSE
	EndGlobalSection
	GlobalSection(ExtensibilityGlobals) = postSolution
		SolutionGuid = {AB24C213-BEAA-405C-A225-C8AEA3C3E282}
	EndGlobalSection
EndGlobal
